
Microsoft Visual Studio Solution File, Format Version 12.00
# Visual Studio 14
VisualStudioVersion = 14.0.25420.1
MinimumVisualStudioVersion = 10.0.40219.1
Project("{FAE04EC0-301F-11D3-BF4B-00C04F79EFBC}") = "KosmicznaPodroz", "KosmicznaPodroz\KosmicznaPodroz.csproj", "{EDD0E20E-AE93-44F3-9EC9-35A25CC781BA}"
EndProject
Project("{FAE04EC0-301F-11D3-BF4B-00C04F79EFBC}") = "Kosmiczna-Podroz-Test-Jednostkowy", "..\Kosmiczna-Podroz-Test-Jednostkowy\Kosmiczna-Podroz-Test-Jednostkowy.csproj", "{F8BC81F0-F56F-4978-9A2F-3BF2626721BC}"
EndProject
Global
	GlobalSection(SolutionConfigurationPlatforms) = preSolution
		Debug|Any CPU = Debug|Any CPU
		Release|Any CPU = Release|Any CPU
	EndGlobalSection
	GlobalSection(ProjectConfigurationPlatforms) = postSolution
		{EDD0E20E-AE93-44F3-9EC9-35A25CC781BA}.Debug|Any CPU.ActiveCfg = Debug|Any CPU
		{EDD0E20E-AE93-44F3-9EC9-35A25CC781BA}.Debug|Any CPU.Build.0 = Debug|Any CPU
		{EDD0E20E-AE93-44F3-9EC9-35A25CC781BA}.Release|Any CPU.ActiveCfg = Release|Any CPU
		{EDD0E20E-AE93-44F3-9EC9-35A25CC781BA}.Release|Any CPU.Build.0 = Release|Any CPU
		{F8BC81F0-F56F-4978-9A2F-3BF2626721BC}.Debug|Any CPU.ActiveCfg = Debug|Any CPU
		{F8BC81F0-F56F-4978-9A2F-3BF2626721BC}.Debug|Any CPU.Build.0 = Debug|Any CPU
		{F8BC81F0-F56F-4978-9A2F-3BF2626721BC}.Release|Any CPU.ActiveCfg = Release|Any CPU
		{F8BC81F0-F56F-4978-9A2F-3BF2626721BC}.Release|Any CPU.Build.0 = Release|Any CPU
	EndGlobalSection
	GlobalSection(SolutionProperties) = preSolution
		HideSolutionNode = FALSE
	EndGlobalSection
EndGlobal
